
Microsoft Visual Studio Solution File, Format Version 12.00
# Visual Studio 2013
VisualStudioVersion = 12.0.21005.1
MinimumVisualStudioVersion = 10.0.40219.1
Project("{E24C65DC-7377-472B-9ABA-BC803B73C61A}") = "TIDCCSS", "http://localhost:51502", "{C02D29CF-9ACD-4132-A39E-43D1524B0838}"
	ProjectSection(WebsiteProperties) = preProject
		UseIISExpress = "true"
		TargetFrameworkMoniker = ".NETFramework,Version%3Dv4.5.1"
		Debug.AspNetCompiler.VirtualPath = "/localhost_51502"
		Debug.AspNetCompiler.PhysicalPath = "..\..\..\..\..\..\inetpub\wwwroot\TIDCCSS\"
		Debug.AspNetCompiler.TargetPath = "PrecompiledWeb\localhost_51502\"
		Debug.AspNetCompiler.Updateable = "true"
		Debug.AspNetCompiler.ForceOverwrite = "true"
		Debug.AspNetCompiler.FixedNames = "false"
		Debug.AspNetCompiler.Debug = "True"
		Release.AspNetCompiler.VirtualPath = "/localhost_51502"
		Release.AspNetCompiler.PhysicalPath = "..\..\..\..\..\..\inetpub\wwwroot\TIDCCSS\"
		Release.AspNetCompiler.TargetPath = "PrecompiledWeb\localhost_51502\"
		Release.AspNetCompiler.Updateable = "true"
		Release.AspNetCompiler.ForceOverwrite = "true"
		Release.AspNetCompiler.FixedNames = "false"
		Release.AspNetCompiler.Debug = "False"
		SlnRelativePath = "..\..\..\..\..\..\inetpub\wwwroot\TIDCCSS\"
	EndProjectSection
EndProject
Project("{E24C65DC-7377-472B-9ABA-BC803B73C61A}") = "TIDCCSSBE", "http://localhost:51078", "{AD8E9AF6-695C-4284-9487-E1F5F971890B}"
	ProjectSection(WebsiteProperties) = preProject
		UseIISExpress = "true"
		TargetFrameworkMoniker = ".NETFramework,Version%3Dv4.5.1"
		Debug.AspNetCompiler.VirtualPath = "/localhost_51078"
		Debug.AspNetCompiler.PhysicalPath = "TIDCCSSBE\"
		Debug.AspNetCompiler.TargetPath = "PrecompiledWeb\localhost_51078\"
		Debug.AspNetCompiler.Updateable = "true"
		Debug.AspNetCompiler.ForceOverwrite = "true"
		Debug.AspNetCompiler.FixedNames = "false"
		Debug.AspNetCompiler.Debug = "True"
		Release.AspNetCompiler.VirtualPath = "/localhost_51078"
		Release.AspNetCompiler.PhysicalPath = "TIDCCSSBE\"
		Release.AspNetCompiler.TargetPath = "PrecompiledWeb\localhost_51078\"
		Release.AspNetCompiler.Updateable = "true"
		Release.AspNetCompiler.ForceOverwrite = "true"
		Release.AspNetCompiler.FixedNames = "false"
		Release.AspNetCompiler.Debug = "False"
		SlnRelativePath = "TIDCCSSBE\"
	EndProjectSection
EndProject
Global
	GlobalSection(SolutionConfigurationPlatforms) = preSolution
		Debug|Any CPU = Debug|Any CPU
	EndGlobalSection
	GlobalSection(ProjectConfigurationPlatforms) = postSolution
		{C02D29CF-9ACD-4132-A39E-43D1524B0838}.Debug|Any CPU.ActiveCfg = Debug|Any CPU
		{C02D29CF-9ACD-4132-A39E-43D1524B0838}.Debug|Any CPU.Build.0 = Debug|Any CPU
		{AD8E9AF6-695C-4284-9487-E1F5F971890B}.Debug|Any CPU.ActiveCfg = Debug|Any CPU
		{AD8E9AF6-695C-4284-9487-E1F5F971890B}.Debug|Any CPU.Build.0 = Debug|Any CPU
	EndGlobalSection
	GlobalSection(SolutionProperties) = preSolution
		HideSolutionNode = FALSE
	EndGlobalSection
EndGlobal
